
Microsoft Visual Studio Solution File, Format Version 12.00
# Visual Studio 15
VisualStudioVersion = 15.0.27703.2000
MinimumVisualStudioVersion = 10.0.40219.1
Project("{FAE04EC0-301F-11D3-BF4B-00C04F79EFBC}") = "FileMoverProject", "FileMoverProject\FileMoverProject.csproj", "{9ADE4102-D314-4AF3-8BF3-FD4DE1133152}"
EndProject
Project("{FAE04EC0-301F-11D3-BF4B-00C04F79EFBC}") = "ReadFiles", "ReadFiles\ReadFiles.csproj", "{EFA77E00-187C-4B65-B3AB-7A82068D4BD3}"
EndProject
Project("{FAE04EC0-301F-11D3-BF4B-00C04F79EFBC}") = "WriteFile", "WriteFile\WriteFile.csproj", "{0924FEE9-E604-44E3-A998-568306A5ABE4}"
EndProject
Global
	GlobalSection(SolutionConfigurationPlatforms) = preSolution
		Debug|Any CPU = Debug|Any CPU
		Release|Any CPU = Release|Any CPU
	EndGlobalSection
	GlobalSection(ProjectConfigurationPlatforms) = postSolution
		{9ADE4102-D314-4AF3-8BF3-FD4DE1133152}.Debug|Any CPU.ActiveCfg = Debug|Any CPU
		{9ADE4102-D314-4AF3-8BF3-FD4DE1133152}.Debug|Any CPU.Build.0 = Debug|Any CPU
		{9ADE4102-D314-4AF3-8BF3-FD4DE1133152}.Release|Any CPU.ActiveCfg = Release|Any CPU
		{9ADE4102-D314-4AF3-8BF3-FD4DE1133152}.Release|Any CPU.Build.0 = Release|Any CPU
		{EFA77E00-187C-4B65-B3AB-7A82068D4BD3}.Debug|Any CPU.ActiveCfg = Debug|Any CPU
		{EFA77E00-187C-4B65-B3AB-7A82068D4BD3}.Debug|Any CPU.Build.0 = Debug|Any CPU
		{EFA77E00-187C-4B65-B3AB-7A82068D4BD3}.Release|Any CPU.ActiveCfg = Release|Any CPU
		{EFA77E00-187C-4B65-B3AB-7A82068D4BD3}.Release|Any CPU.Build.0 = Release|Any CPU
		{0924FEE9-E604-44E3-A998-568306A5ABE4}.Debug|Any CPU.ActiveCfg = Debug|Any CPU
		{0924FEE9-E604-44E3-A998-568306A5ABE4}.Debug|Any CPU.Build.0 = Debug|Any CPU
		{0924FEE9-E604-44E3-A998-568306A5ABE4}.Release|Any CPU.ActiveCfg = Release|Any CPU
		{0924FEE9-E604-44E3-A998-568306A5ABE4}.Release|Any CPU.Build.0 = Release|Any CPU
	EndGlobalSection
	GlobalSection(SolutionProperties) = preSolution
		HideSolutionNode = FALSE
	EndGlobalSection
	GlobalSection(ExtensibilityGlobals) = postSolution
		SolutionGuid = {C7A684EC-96A4-435E-9ED3-3F4A1579C8A1}
	EndGlobalSection
EndGlobal
